
Microsoft Visual Studio Solution File, Format Version 12.00
# Visual Studio Version 17
VisualStudioVersion = 17.14.36603.0 d17.14
MinimumVisualStudioVersion = 10.0.40219.1
Project("{FAE04EC0-301F-11D3-BF4B-00C04F79EFBC}") = "5203", "5203.csproj", "{5DD9A211-65A5-448D-BFB8-2A83CBFD4B71}"
EndProject
Global
	GlobalSection(SolutionConfigurationPlatforms) = preSolution
		Debug|Any CPU = Debug|Any CPU
		Release|Any CPU = Release|Any CPU
	EndGlobalSection
	GlobalSection(ProjectConfigurationPlatforms) = postSolution
		{5DD9A211-65A5-448D-BFB8-2A83CBFD4B71}.Debug|Any CPU.ActiveCfg = Debug|Any CPU
		{5DD9A211-65A5-448D-BFB8-2A83CBFD4B71}.Debug|Any CPU.Build.0 = Debug|Any CPU
		{5DD9A211-65A5-448D-BFB8-2A83CBFD4B71}.Release|Any CPU.ActiveCfg = Release|Any CPU
		{5DD9A211-65A5-448D-BFB8-2A83CBFD4B71}.Release|Any CPU.Build.0 = Release|Any CPU
	EndGlobalSection
	GlobalSection(SolutionProperties) = preSolution
		HideSolutionNode = FALSE
	EndGlobalSection
	GlobalSection(ExtensibilityGlobals) = postSolution
		SolutionGuid = {45ED2F97-3CB1-4C33-9740-26A3D09B782E}
	EndGlobalSection
EndGlobal
